// !$*UTF8*$!
{
	archiveVersion = 1;
	classes = {
	};
	objectVersion = 55;
	objects = {

/* Begin PBXBuildFile section */
		E74660CA27E6150900357383 /* AppDelegate.swift in Sources */ = {isa = PBXBuildFile; fileRef = E74660C927E6150900357383 /* AppDelegate.swift */; };
		E74660CC27E6150900357383 /* art.scnassets in Resources */ = {isa = PBXBuildFile; fileRef = E74660CB27E6150900357383 /* art.scnassets */; };
		E74660CE27E6150900357383 /* ViewController.swift in Sources */ = {isa = PBXBuildFile; fileRef = E74660CD27E6150900357383 /* ViewController.swift */; };
		E74660D127E6150900357383 /* Main.storyboard in Resources */ = {isa = PBXBuildFile; fileRef = E74660CF27E6150900357383 /* Main.storyboard */; };
		E74660D327E6150D00357383 /* Assets.xcassets in Resources */ = {isa = PBXBuildFile; fileRef = E74660D227E6150D00357383 /* Assets.xcassets */; };
		E74660D627E6150D00357383 /* LaunchScreen.storyboard in Resources */ = {isa = PBXBuildFile; fileRef = E74660D427E6150D00357383 /* LaunchScreen.storyboard */; };
		E7B4895127E7726C003E4CF0 /* Screensot2.jpg in Resources */ = {isa = PBXBuildFile; fileRef = E7B4894A27E7726C003E4CF0 /* Screensot2.jpg */; };
		E7B4895227E7726C003E4CF0 /* Screensot4.jpg in Resources */ = {isa = PBXBuildFile; fileRef = E7B4894B27E7726C003E4CF0 /* Screensot4.jpg */; };
		E7B4895327E7726C003E4CF0 /* Screensot1.jpg in Resources */ = {isa = PBXBuildFile; fileRef = E7B4894C27E7726C003E4CF0 /* Screensot1.jpg */; };
		E7B4895527E7726C003E4CF0 /* Screensot6.jpg in Resources */ = {isa = PBXBuildFile; fileRef = E7B4894E27E7726C003E4CF0 /* Screensot6.jpg */; };
		E7B4895627E7726C003E4CF0 /* Screensot3.jpg in Resources */ = {isa = PBXBuildFile; fileRef = E7B4894F27E7726C003E4CF0 /* Screensot3.jpg */; };
		E7B4895727E7726C003E4CF0 /* Screensot7.jpg in Resources */ = {isa = PBXBuildFile; fileRef = E7B4895027E7726C003E4CF0 /* Screensot7.jpg */; };
		E7B4895C27E778CA003E4CF0 /* Screensot5.jpg in Resources */ = {isa = PBXBuildFile; fileRef = E7B4895B27E778CA003E4CF0 /* Screensot5.jpg */; };
/* End PBXBuildFile section */

/* Begin PBXFileReference section */
		E74660C627E6150900357383 /* Basketball.app */ = {isa = PBXFileReference; explicitFileType = wrapper.application; includeInIndex = 0; path = Basketball.app; sourceTree = BUILT_PRODUCTS_DIR; };
		E74660C927E6150900357383 /* AppDelegate.swift */ = {isa = PBXFileReference; lastKnownFileType = sourcecode.swift; path = AppDelegate.swift; sourceTree = "<group>"; };
		E74660CB27E6150900357383 /* art.scnassets */ = {isa = PBXFileReference; lastKnownFileType = wrapper.scnassets; path = art.scnassets; sourceTree = "<group>"; };
		E74660CD27E6150900357383 /* ViewController.swift */ = {isa = PBXFileReference; lastKnownFileType = sourcecode.swift; path = ViewController.swift; sourceTree = "<group>"; };
		E74660D027E6150900357383 /* Base */ = {isa = PBXFileReference; lastKnownFileType = file.storyboard; name = Base; path = Base.lproj/Main.storyboard; sourceTree = "<group>"; };
		E74660D227E6150D00357383 /* Assets.xcassets */ = {isa = PBXFileReference; lastKnownFileType = folder.assetcatalog; path = Assets.xcassets; sourceTree = "<group>"; };
		E74660D527E6150D00357383 /* Base */ = {isa = PBXFileReference; lastKnownFileType = file.storyboard; name = Base; path = Base.lproj/LaunchScreen.storyboard; sourceTree = "<group>"; };
		E7B4894A27E7726C003E4CF0 /* Screensot2.jpg */ = {isa = PBXFileReference; lastKnownFileType = image.jpeg; path = Screensot2.jpg; sourceTree = "<group>"; };
		E7B4894B27E7726C003E4CF0 /* Screensot4.jpg */ = {isa = PBXFileReference; lastKnownFileType = image.jpeg; path = Screensot4.jpg; sourceTree = "<group>"; };
		E7B4894C27E7726C003E4CF0 /* Screensot1.jpg */ = {isa = PBXFileReference; lastKnownFileType = image.jpeg; path = Screensot1.jpg; sourceTree = "<group>"; };
		E7B4894E27E7726C003E4CF0 /* Screensot6.jpg */ = {isa = PBXFileReference; lastKnownFileType = image.jpeg; path = Screensot6.jpg; sourceTree = "<group>"; };
		E7B4894F27E7726C003E4CF0 /* Screensot3.jpg */ = {isa = PBXFileReference; lastKnownFileType = image.jpeg; path = Screensot3.jpg; sourceTree = "<group>"; };
		E7B4895027E7726C003E4CF0 /* Screensot7.jpg */ = {isa = PBXFileReference; lastKnownFileType = image.jpeg; path = Screensot7.jpg; sourceTree = "<group>"; };
		E7B4895B27E778CA003E4CF0 /* Screensot5.jpg */ = {isa = PBXFileReference; lastKnownFileType = image.jpeg; path = Screensot5.jpg; sourceTree = "<group>"; };
/* End PBXFileReference section */

/* Begin PBXFrameworksBuildPhase section */
		E74660C327E6150900357383 /* Frameworks */ = {
			isa = PBXFrameworksBuildPhase;
			buildActionMask = 2147483647;
			files = (
			);
			runOnlyForDeploymentPostprocessing = 0;
		};
/* End PBXFrameworksBuildPhase section */

/* Begin PBXGroup section */
		E74660BD27E6150900357383 = {
			isa = PBXGroup;
			children = (
				E74660C827E6150900357383 /* Basketball */,
				E74660C727E6150900357383 /* Products */,
			);
			sourceTree = "<group>";
		};
		E74660C727E6150900357383 /* Products */ = {
			isa = PBXGroup;
			children = (
				E74660C627E6150900357383 /* Basketball.app */,
			);
			name = Products;
			sourceTree = "<group>";
		};
		E74660C827E6150900357383 /* Basketball */ = {
			isa = PBXGroup;
			children = (
				E7B4895827E77284003E4CF0 /* Screenshots */,
				E74660C927E6150900357383 /* AppDelegate.swift */,
				E74660CB27E6150900357383 /* art.scnassets */,
				E74660CD27E6150900357383 /* ViewController.swift */,
				E74660CF27E6150900357383 /* Main.storyboard */,
				E74660D227E6150D00357383 /* Assets.xcassets */,
				E74660D427E6150D00357383 /* LaunchScreen.storyboard */,
			);
			path = Basketball;
			sourceTree = "<group>";
		};
		E7B4895827E77284003E4CF0 /* Screenshots */ = {
			isa = PBXGroup;
			children = (
				E7B4894C27E7726C003E4CF0 /* Screensot1.jpg */,
				E7B4894A27E7726C003E4CF0 /* Screensot2.jpg */,
				E7B4894F27E7726C003E4CF0 /* Screensot3.jpg */,
				E7B4894B27E7726C003E4CF0 /* Screensot4.jpg */,
				E7B4895B27E778CA003E4CF0 /* Screensot5.jpg */,
				E7B4894E27E7726C003E4CF0 /* Screensot6.jpg */,
				E7B4895027E7726C003E4CF0 /* Screensot7.jpg */,
			);
			path = Screenshots;
			sourceTree = "<group>";
		};
/* End PBXGroup section */

/* Begin PBXNativeTarget section */
		E74660C527E6150900357383 /* Basketball */ = {
			isa = PBXNativeTarget;
			buildConfigurationList = E74660D927E6150D00357383 /* Build configuration list for PBXNativeTarget "Basketball" */;
			buildPhases = (
				E74660C227E6150900357383 /* Sources */,
				E74660C327E6150900357383 /* Frameworks */,
				E74660C427E6150900357383 /* Resources */,
			);
			buildRules = (
			);
			dependencies = (
			);
			name = Basketball;
			productName = Basketball;
			productReference = E74660C627E6150900357383 /* Basketball.app */;
			productType = "com.apple.product-type.application";
		};
/* End PBXNativeTarget section */

/* Begin PBXProject section */
		E74660BE27E6150900357383 /* Project object */ = {
			isa = PBXProject;
			attributes = {
				BuildIndependentTargetsInParallel = 1;
				LastSwiftUpdateCheck = 1330;
				LastUpgradeCheck = 1330;
				TargetAttributes = {
					E74660C527E6150900357383 = {
						CreatedOnToolsVersion = 13.3;
					};
				};
			};
			buildConfigurationList = E74660C127E6150900357383 /* Build configuration list for PBXProject "Basketball" */;
			compatibilityVersion = "Xcode 13.0";
			developmentRegion = en;
			hasScannedForEncodings = 0;
			knownRegions = (
				en,
				Base,
			);
			mainGroup = E74660BD27E6150900357383;
			productRefGroup = E74660C727E6150900357383 /* Products */;
			projectDirPath = "";
			projectRoot = "";
			targets = (
				E74660C527E6150900357383 /* Basketball */,
			);
		};
/* End PBXProject section */

/* Begin PBXResourcesBuildPhase section */
		E74660C427E6150900357383 /* Resources */ = {
			isa = PBXResourcesBuildPhase;
			buildActionMask = 2147483647;
			files = (
				E74660CC27E6150900357383 /* art.scnassets in Resources */,
				E74660D627E6150D00357383 /* LaunchScreen.storyboard in Resources */,
				E74660D327E6150D00357383 /* Assets.xcassets in Resources */,
				E7B4895627E7726C003E4CF0 /* Screensot3.jpg in Resources */,
				E74660D127E6150900357383 /* Main.storyboard in Resources */,
				E7B4895127E7726C003E4CF0 /* Screensot2.jpg in Resources */,
				E7B4895727E7726C003E4CF0 /* Screensot7.jpg in Resources */,
				E7B4895227E7726C003E4CF0 /* Screensot4.jpg in Resources */,
				E7B4895C27E778CA003E4CF0 /* Screensot5.jpg in Resources */,
				E7B4895327E7726C003E4CF0 /* Screensot1.jpg in Resources */,
				E7B4895527E7726C003E4CF0 /* Screensot6.jpg in Resources */,
			);
			runOnlyForDeploymentPostprocessing = 0;
		};
/* End PBXResourcesBuildPhase section */

/* Begin PBXSourcesBuildPhase section */
		E74660C227E6150900357383 /* Sources */ = {
			isa = PBXSourcesBuildPhase;
			buildActionMask = 2147483647;
			files = (
				E74660CE27E6150900357383 /* ViewController.swift in Sources */,
				E74660CA27E6150900357383 /* AppDelegate.swift in Sources */,
			);
			runOnlyForDeploymentPostprocessing = 0;
		};
/* End PBXSourcesBuildPhase section */

/* Begin PBXVariantGroup section */
		E74660CF27E6150900357383 /* Main.storyboard */ = {
			isa = PBXVariantGroup;
			children = (
				E74660D027E6150900357383 /* Base */,
			);
			name = Main.storyboard;
			sourceTree = "<group>";
		};
		E74660D427E6150D00357383 /* LaunchScreen.storyboard */ = {
			isa = PBXVariantGroup;
			children = (
				E74660D527E6150D00357383 /* Base */,
			);
			name = LaunchScreen.storyboard;
			sourceTree = "<group>";
		};
/* End PBXVariantGroup section */

/* Begin XCBuildConfiguration section */
		E74660D727E6150D00357383 /* Debug */ = {
			isa = XCBuildConfiguration;
			buildSettings = {
				ALWAYS_SEARCH_USER_PATHS = NO;
				CLANG_ANALYZER_NONNULL = YES;
				CLANG_ANALYZER_NUMBER_OBJECT_CONVERSION = YES_AGGRESSIVE;
				CLANG_CXX_LANGUAGE_STANDARD = "gnu++17";
				CLANG_ENABLE_MODULES = YES;
				CLANG_ENABLE_OBJC_ARC = YES;
				CLANG_ENABLE_OBJC_WEAK = YES;
				CLANG_WARN_BLOCK_CAPTURE_AUTORELEASING = YES;
				CLANG_WARN_BOOL_CONVERSION = YES;
				CLANG_WARN_COMMA = YES;
				CLANG_WARN_CONSTANT_CONVERSION = YES;
				CLANG_WARN_DEPRECATED_OBJC_IMPLEMENTATIONS = YES;
				CLANG_WARN_DIRECT_OBJC_ISA_USAGE = YES_ERROR;
				CLANG_WARN_DOCUMENTATION_COMMENTS = YES;
				CLANG_WARN_EMPTY_BODY = YES;
				CLANG_WARN_ENUM_CONVERSION = YES;
				CLANG_WARN_INFINITE_RECURSION = YES;
				CLANG_WARN_INT_CONVERSION = YES;
				CLANG_WARN_NON_LITERAL_NULL_CONVERSION = YES;
				CLANG_WARN_OBJC_IMPLICIT_RETAIN_SELF = YES;
				CLANG_WARN_OBJC_LITERAL_CONVERSION = YES;
				CLANG_WARN_OBJC_ROOT_CLASS = YES_ERROR;
				CLANG_WARN_QUOTED_INCLUDE_IN_FRAMEWORK_HEADER = YES;
				CLANG_WARN_RANGE_LOOP_ANALYSIS = YES;
				CLANG_WARN_STRICT_PROTOTYPES = YES;
				CLANG_WARN_SUSPICIOUS_MOVE = YES;
				CLANG_WARN_UNGUARDED_AVAILABILITY = YES_AGGRESSIVE;
				CLANG_WARN_UNREACHABLE_CODE = YES;
				CLANG_WARN__DUPLICATE_METHOD_MATCH = YES;
				COPY_PHASE_STRIP = NO;
				DEBUG_INFORMATION_FORMAT = dwarf;
				ENABLE_STRICT_OBJC_MSGSEND = YES;
				ENABLE_TESTABILITY = YES;
				GCC_C_LANGUAGE_STANDARD = gnu11;
				GCC_DYNAMIC_NO_PIC = NO;
				GCC_NO_COMMON_BLOCKS = YES;
				GCC_OPTIMIZATION_LEVEL = 0;
				GCC_PREPROCESSOR_DEFINITIONS = (
					"DEBUG=1",
					"$(inherited)",
				);
				GCC_WARN_64_TO_32_BIT_CONVERSION = YES;
				GCC_WARN_ABOUT_RETURN_TYPE = YES_ERROR;
				GCC_WARN_UNDECLARED_SELECTOR = YES;
				GCC_WARN_UNINITIALIZED_AUTOS = YES_AGGRESSIVE;
				GCC_WARN_UNUSED_FUNCTION = YES;
				GCC_WARN_UNUSED_VARIABLE = YES;
				IPHONEOS_DEPLOYMENT_TARGET = 15.4;
				MTL_ENABLE_DEBUG_INFO = INCLUDE_SOURCE;
				MTL_FAST_MATH = YES;
				ONLY_ACTIVE_ARCH = YES;
				SDKROOT = iphoneos;
				SWIFT_ACTIVE_COMPILATION_CONDITIONS = DEBUG;
				SWIFT_OPTIMIZATION_LEVEL = "-Onone";
			};
			name = Debug;
		};
		E74660D827E6150D00357383 /* Release */ = {
			isa = XCBuildConfiguration;
			buildSettings = {
				ALWAYS_SEARCH_USER_PATHS = NO;
				CLANG_ANALYZER_NONNULL = YES;
				CLANG_ANALYZER_NUMBER_OBJECT_CONVERSION = YES_AGGRESSIVE;
				CLANG_CXX_LANGUAGE_STANDARD = "gnu++17";
				CLANG_ENABLE_MODULES = YES;
				CLANG_ENABLE_OBJC_ARC = YES;
				CLANG_ENABLE_OBJC_WEAK = YES;
				CLANG_WARN_BLOCK_CAPTURE_AUTORELEASING = YES;
				CLANG_WARN_BOOL_CONVERSION = YES;
				CLANG_WARN_COMMA = YES;
				CLANG_WARN_CONSTANT_CONVERSION = YES;
				CLANG_WARN_DEPRECATED_OBJC_IMPLEMENTATIONS = YES;
				CLANG_WARN_DIRECT_OBJC_ISA_USAGE = YES_ERROR;
				CLANG_WARN_DOCUMENTATION_COMMENTS = YES;
				CLANG_WARN_EMPTY_BODY = YES;
				CLANG_WARN_ENUM_CONVERSION = YES;
				CLANG_WARN_INFINITE_RECURSION = YES;
				CLANG_WARN_INT_CONVERSION = YES;
				CLANG_WARN_NON_LITERAL_NULL_CONVERSION = YES;
				CLANG_WARN_OBJC_IMPLICIT_RETAIN_SELF = YES;
				CLANG_WARN_OBJC_LITERAL_CONVERSION = YES;
				CLANG_WARN_OBJC_ROOT_CLASS = YES_ERROR;
				CLANG_WARN_QUOTED_INCLUDE_IN_FRAMEWORK_HEADER = YES;
				CLANG_WARN_RANGE_LOOP_ANALYSIS = YES;
				CLANG_WARN_STRICT_PROTOTYPES = YES;
				CLANG_WARN_SUSPICIOUS_MOVE = YES;
				CLANG_WARN_UNGUARDED_AVAILABILITY = YES_AGGRESSIVE;
				CLANG_WARN_UNREACHABLE_CODE = YES;
				CLANG_WARN__DUPLICATE_METHOD_MATCH = YES;
				COPY_PHASE_STRIP = NO;
				DEBUG_INFORMATION_FORMAT = "dwarf-with-dsym";
				ENABLE_NS_ASSERTIONS = NO;
				ENABLE_STRICT_OBJC_MSGSEND = YES;
				GCC_C_LANGUAGE_STANDARD = gnu11;
				GCC_NO_COMMON_BLOCKS = YES;
				GCC_WARN_64_TO_32_BIT_CONVERSION = YES;
				GCC_WARN_ABOUT_RETURN_TYPE = YES_ERROR;
				GCC_WARN_UNDECLARED_SELECTOR = YES;
				GCC_WARN_UNINITIALIZED_AUTOS = YES_AGGRESSIVE;
				GCC_WARN_UNUSED_FUNCTION = YES;
				GCC_WARN_UNUSED_VARIABLE = YES;
				IPHONEOS_DEPLOYMENT_TARGET = 15.4;
				MTL_ENABLE_DEBUG_INFO = NO;
				MTL_FAST_MATH = YES;
				SDKROOT = iphoneos;
				SWIFT_COMPILATION_MODE = wholemodule;
				SWIFT_OPTIMIZATION_LEVEL = "-O";
				VALIDATE_PRODUCT = YES;
			};
			name = Release;
		};
		E74660DA27E6150D00357383 /* Debug */ = {
			isa = XCBuildConfiguration;
			buildSettings = {
				ASSETCATALOG_COMPILER_APPICON_NAME = AppIcon;
				ASSETCATALOG_COMPILER_GLOBAL_ACCENT_COLOR_NAME = AccentColor;
				CODE_SIGN_STYLE = Automatic;
				CURRENT_PROJECT_VERSION = 1;
				DEVELOPMENT_TEAM = 7GP8TDQAX2;
				GENERATE_INFOPLIST_FILE = YES;
				INFOPLIST_KEY_NSCameraUsageDescription = "";
				INFOPLIST_KEY_UIApplicationSupportsIndirectInputEvents = YES;
				INFOPLIST_KEY_UILaunchStoryboardName = LaunchScreen;
				INFOPLIST_KEY_UIMainStoryboardFile = Main;
				INFOPLIST_KEY_UIRequiredDeviceCapabilities = arkit;
				INFOPLIST_KEY_UIStatusBarHidden = YES;
				INFOPLIST_KEY_UISupportedInterfaceOrientations_iPad = "UIInterfaceOrientationPortrait UIInterfaceOrientationPortraitUpsideDown UIInterfaceOrientationLandscapeLeft UIInterfaceOrientationLandscapeRight";
				INFOPLIST_KEY_UISupportedInterfaceOrientations_iPhone = "UIInterfaceOrientationPortrait UIInterfaceOrientationLandscapeLeft UIInterfaceOrientationLandscapeRight";
				LD_RUNPATH_SEARCH_PATHS = (
					"$(inherited)",
					"@executable_path/Frameworks",
				);
				MARKETING_VERSION = 1.0;
				PRODUCT_BUNDLE_IDENTIFIER = ru.lenvoku.Basketball;
				PRODUCT_NAME = "$(TARGET_NAME)";
				SWIFT_EMIT_LOC_STRINGS = YES;
				SWIFT_VERSION = 5.0;
				TARGETED_DEVICE_FAMILY = "1,2";
			};
			name = Debug;
		};
		E74660DB27E6150D00357383 /* Release */ = {
			isa = XCBuildConfiguration;
			buildSettings = {
				ASSETCATALOG_COMPILER_APPICON_NAME = AppIcon;
				ASSETCATALOG_COMPILER_GLOBAL_ACCENT_COLOR_NAME = AccentColor;
				CODE_SIGN_STYLE = Automatic;
				CURRENT_PROJECT_VERSION = 1;
				DEVELOPMENT_TEAM = 7GP8TDQAX2;
				GENERATE_INFOPLIST_FILE = YES;
				INFOPLIST_KEY_NSCameraUsageDescription = "";
				INFOPLIST_KEY_UIApplicationSupportsIndirectInputEvents = YES;
				INFOPLIST_KEY_UILaunchStoryboardName = LaunchScreen;
				INFOPLIST_KEY_UIMainStoryboardFile = Main;
				INFOPLIST_KEY_UIRequiredDeviceCapabilities = arkit;
				INFOPLIST_KEY_UIStatusBarHidden = YES;
				INFOPLIST_KEY_UISupportedInterfaceOrientations_iPad = "UIInterfaceOrientationPortrait UIInterfaceOrientationPortraitUpsideDown UIInterfaceOrientationLandscapeLeft UIInterfaceOrientationLandscapeRight";
				INFOPLIST_KEY_UISupportedInterfaceOrientations_iPhone = "UIInterfaceOrientationPortrait UIInterfaceOrientationLandscapeLeft UIInterfaceOrientationLandscapeRight";
				LD_RUNPATH_SEARCH_PATHS = (
					"$(inherited)",
					"@executable_path/Frameworks",
				);
				MARKETING_VERSION = 1.0;
				PRODUCT_BUNDLE_IDENTIFIER = ru.lenvoku.Basketball;
				PRODUCT_NAME = "$(TARGET_NAME)";
				SWIFT_EMIT_LOC_STRINGS = YES;
				SWIFT_VERSION = 5.0;
				TARGETED_DEVICE_FAMILY = "1,2";
			};
			name = Release;
		};
/* End XCBuildConfiguration section */

/* Begin XCConfigurationList section */
		E74660C127E6150900357383 /* Build configuration list for PBXProject "Basketball" */ = {
			isa = XCConfigurationList;
			buildConfigurations = (
				E74660D727E6150D00357383 /* Debug */,
				E74660D827E6150D00357383 /* Release */,
			);
			defaultConfigurationIsVisible = 0;
			defaultConfigurationName = Release;
		};
		E74660D927E6150D00357383 /* Build configuration list for PBXNativeTarget "Basketball" */ = {
			isa = XCConfigurationList;
			buildConfigurations = (
				E74660DA27E6150D00357383 /* Debug */,
				E74660DB27E6150D00357383 /* Release */,
			);
			defaultConfigurationIsVisible = 0;
			defaultConfigurationName = Release;
		};
/* End XCConfigurationList section */
	};
	rootObject = E74660BE27E6150900357383 /* Project object */;
}
